// !$*UTF8*$!
{
	archiveVersion = 1;
	classes = {
	};
	objectVersion = 50;
	objects = {

/* Begin PBXBuildFile section */
		910A7CAC217E1E8400689DCF /* ImageExtend.swift in Sources */ = {isa = PBXBuildFile; fileRef = 910A7C75217E1E8400689DCF /* ImageExtend.swift */; };
		910A7CAD217E1E8400689DCF /* NSDateFormatter+ShortCut.m in Sources */ = {isa = PBXBuildFile; fileRef = 910A7C79217E1E8400689DCF /* NSDateFormatter+ShortCut.m */; };
		910A7CAE217E1E8400689DCF /* NSDecimalNumber+ShortCut.m in Sources */ = {isa = PBXBuildFile; fileRef = 910A7C7C217E1E8400689DCF /* NSDecimalNumber+ShortCut.m */; };
		910A7CAF217E1E8400689DCF /* NSString+ShortCut.m in Sources */ = {isa = PBXBuildFile; fileRef = 910A7C7D217E1E8400689DCF /* NSString+ShortCut.m */; };
		910A7CB0217E1E8400689DCF /* UIView+Frame.m in Sources */ = {isa = PBXBuildFile; fileRef = 910A7C80217E1E8400689DCF /* UIView+Frame.m */; };
		910A7CB1217E1E8400689DCF /* UIView+Draw.m in Sources */ = {isa = PBXBuildFile; fileRef = 910A7C83217E1E8400689DCF /* UIView+Draw.m */; };
		910A7CB2217E1E8400689DCF /* UIImage+Custom.m in Sources */ = {isa = PBXBuildFile; fileRef = 910A7C84217E1E8400689DCF /* UIImage+Custom.m */; };
		910A7CB3217E1E8400689DCF /* NSArray+ShortCut.m in Sources */ = {isa = PBXBuildFile; fileRef = 910A7C85217E1E8400689DCF /* NSArray+ShortCut.m */; };
		910A7CB4217E1E8400689DCF /* UIButton+ZHFShortCut.m in Sources */ = {isa = PBXBuildFile; fileRef = 910A7C86217E1E8400689DCF /* UIButton+ZHFShortCut.m */; };
		910A7CB5217E1E8400689DCF /* UIColor+Transform.m in Sources */ = {isa = PBXBuildFile; fileRef = 910A7C88217E1E8400689DCF /* UIColor+Transform.m */; };
		910A7CB6217E1E8400689DCF /* NSDate+ShortCut.m in Sources */ = {isa = PBXBuildFile; fileRef = 910A7C89217E1E8400689DCF /* NSDate+ShortCut.m */; };
		910A7CB7217E1E8400689DCF /* CAShapeLayer+ShortCut.m in Sources */ = {isa = PBXBuildFile; fileRef = 910A7C8C217E1E8400689DCF /* CAShapeLayer+ShortCut.m */; };
		910A7CB8217E1E8400689DCF /* UILabel+ShortCut.m in Sources */ = {isa = PBXBuildFile; fileRef = 910A7C8D217E1E8400689DCF /* UILabel+ShortCut.m */; };
		910A7CB9217E1E8400689DCF /* GlobalConfig.m in Sources */ = {isa = PBXBuildFile; fileRef = 910A7C93217E1E8400689DCF /* GlobalConfig.m */; };
		910A7CBA217E1E8400689DCF /* ZHFRequestParameter.m in Sources */ = {isa = PBXBuildFile; fileRef = 910A7C97217E1E8400689DCF /* ZHFRequestParameter.m */; };
		910A7CBB217E1E8400689DCF /* ZHFNetworking.m in Sources */ = {isa = PBXBuildFile; fileRef = 910A7C98217E1E8400689DCF /* ZHFNetworking.m */; };
		910A7CBC217E1E8400689DCF /* ZHFTopWindow.m in Sources */ = {isa = PBXBuildFile; fileRef = 910A7C9B217E1E8400689DCF /* ZHFTopWindow.m */; };
		910A7CBD217E1E8400689DCF /* ZHFAlertControlle.m in Sources */ = {isa = PBXBuildFile; fileRef = 910A7C9E217E1E8400689DCF /* ZHFAlertControlle.m */; };
		910A7CBE217E1E8400689DCF /* ZHFQRCodeView.m in Sources */ = {isa = PBXBuildFile; fileRef = 910A7CA0217E1E8400689DCF /* ZHFQRCodeView.m */; };
		910A7CBF217E1E8400689DCF /* ZHFProgressHUD.m in Sources */ = {isa = PBXBuildFile; fileRef = 910A7CA1217E1E8400689DCF /* ZHFProgressHUD.m */; };
		910A7CC1217E1E8400689DCF /* FileManager.m in Sources */ = {isa = PBXBuildFile; fileRef = 910A7CA6217E1E8400689DCF /* FileManager.m */; };
		910A7CC3217E1E8400689DCF /* Utility.m in Sources */ = {isa = PBXBuildFile; fileRef = 910A7CAA217E1E8400689DCF /* Utility.m */; };
		910A7CC6217E1ECD00689DCF /* phoneNumPrefix.plist in Resources */ = {isa = PBXBuildFile; fileRef = 910A7CC4217E1ECD00689DCF /* phoneNumPrefix.plist */; };
		910A7CC7217E1ECD00689DCF /* Document.strings in Resources */ = {isa = PBXBuildFile; fileRef = 910A7CC5217E1ECD00689DCF /* Document.strings */; };
		917A3BC3217F78A7009094F3 /* ZHFLogerManager.m in Sources */ = {isa = PBXBuildFile; fileRef = 917A3BC2217F78A7009094F3 /* ZHFLogerManager.m */; };
		9180C18821F73FB6002711FC /* NSObject+Runtime.m in Sources */ = {isa = PBXBuildFile; fileRef = 9180C18721F73FB6002711FC /* NSObject+Runtime.m */; };
		918B575D2170858F00E9B71D /* AppDelegate.m in Sources */ = {isa = PBXBuildFile; fileRef = 918B575C2170858F00E9B71D /* AppDelegate.m */; };
		918B57602170858F00E9B71D /* ViewController.m in Sources */ = {isa = PBXBuildFile; fileRef = 918B575F2170858F00E9B71D /* ViewController.m */; };
		918B57632170858F00E9B71D /* Main.storyboard in Resources */ = {isa = PBXBuildFile; fileRef = 918B57612170858F00E9B71D /* Main.storyboard */; };
		918B57652170859200E9B71D /* Assets.xcassets in Resources */ = {isa = PBXBuildFile; fileRef = 918B57642170859200E9B71D /* Assets.xcassets */; };
		918B57682170859200E9B71D /* LaunchScreen.storyboard in Resources */ = {isa = PBXBuildFile; fileRef = 918B57662170859200E9B71D /* LaunchScreen.storyboard */; };
		918B576B2170859200E9B71D /* main.m in Sources */ = {isa = PBXBuildFile; fileRef = 918B576A2170859200E9B71D /* main.m */; };
		918B57752170859200E9B71D /* BottomComponentLibTests.m in Sources */ = {isa = PBXBuildFile; fileRef = 918B57742170859200E9B71D /* BottomComponentLibTests.m */; };
		9192113121EDBD6900CD9C1B /* ZHFRealmManager.m in Sources */ = {isa = PBXBuildFile; fileRef = 9192113021EDBD6900CD9C1B /* ZHFRealmManager.m */; };
		9192113421EDC18D00CD9C1B /* ZHFPruduct.m in Sources */ = {isa = PBXBuildFile; fileRef = 9192113321EDC18D00CD9C1B /* ZHFPruduct.m */; };
		9192113721EDC2D300CD9C1B /* ZHFPerson.m in Sources */ = {isa = PBXBuildFile; fileRef = 9192113621EDC2D300CD9C1B /* ZHFPerson.m */; };
		919E73B5217EBAD0003D5F37 /* UITextView+Helper.m in Sources */ = {isa = PBXBuildFile; fileRef = 919E73B4217EBAD0003D5F37 /* UITextView+Helper.m */; };
		919F79D721904BD100A82C0D /* ZHFPersistenceLibrary.m in Sources */ = {isa = PBXBuildFile; fileRef = 919F79D621904BD100A82C0D /* ZHFPersistenceLibrary.m */; };
		919F79DB21904E2E00A82C0D /* ZHFPersistenceSQL.m in Sources */ = {isa = PBXBuildFile; fileRef = 919F79DA21904E2E00A82C0D /* ZHFPersistenceSQL.m */; };
		919F79DE21904FEF00A82C0D /* ZHFPersistenceRealm.m in Sources */ = {isa = PBXBuildFile; fileRef = 919F79DD21904FEF00A82C0D /* ZHFPersistenceRealm.m */; };
		91FE53CB21C53C70009B4B0A /* NSMutableArray+Stack.m in Sources */ = {isa = PBXBuildFile; fileRef = 91FE53CA21C53C70009B4B0A /* NSMutableArray+Stack.m */; };
		C9DEF5A9A8F712C3D2844D35 /* libPods-BottomComponentLib.a in Frameworks */ = {isa = PBXBuildFile; fileRef = D88CD5292384518C4FC820CA /* libPods-BottomComponentLib.a */; };
/* End PBXBuildFile section */

/* Begin PBXContainerItemProxy section */
		918B57712170859200E9B71D /* PBXContainerItemProxy */ = {
			isa = PBXContainerItemProxy;
			containerPortal = 918B57502170858F00E9B71D /* Project object */;
			proxyType = 1;
			remoteGlobalIDString = 918B57572170858F00E9B71D;
			remoteInfo = BottomComponentLib;
		};
/* End PBXContainerItemProxy section */

/* Begin PBXFileReference section */
		4C41DF8010BFB3699E8B9D9C /* Pods-BottomComponentLib.debug.xcconfig */ = {isa = PBXFileReference; includeInIndex = 1; lastKnownFileType = text.xcconfig; name = "Pods-BottomComponentLib.debug.xcconfig"; path = "Pods/Target Support Files/Pods-BottomComponentLib/Pods-BottomComponentLib.debug.xcconfig"; sourceTree = "<group>"; };
		910A7C75217E1E8400689DCF /* ImageExtend.swift */ = {isa = PBXFileReference; fileEncoding = 4; lastKnownFileType = sourcecode.swift; path = ImageExtend.swift; sourceTree = "<group>"; };
		910A7C76217E1E8400689DCF /* BottomComponentLib-Bridging-Header.h */ = {isa = PBXFileReference; fileEncoding = 4; lastKnownFileType = sourcecode.c.h; path = "BottomComponentLib-Bridging-Header.h"; sourceTree = "<group>"; };
		910A7C79217E1E8400689DCF /* NSDateFormatter+ShortCut.m */ = {isa = PBXFileReference; fileEncoding = 4; lastKnownFileType = sourcecode.c.objc; path = "NSDateFormatter+ShortCut.m"; sourceTree = "<group>"; };
		910A7C7A217E1E8400689DCF /* UIButton+ZHFShortCut.h */ = {isa = PBXFileReference; fileEncoding = 4; lastKnownFileType = sourcecode.c.h; path = "UIButton+ZHFShortCut.h"; sourceTree = "<group>"; };
		910A7C7B217E1E8400689DCF /* NSArray+ShortCut.h */ = {isa = PBXFileReference; fileEncoding = 4; lastKnownFileType = sourcecode.c.h; path = "NSArray+ShortCut.h"; sourceTree = "<group>"; };
		910A7C7C217E1E8400689DCF /* NSDecimalNumber+ShortCut.m */ = {isa = PBXFileReference; fileEncoding = 4; lastKnownFileType = sourcecode.c.objc; path = "NSDecimalNumber+ShortCut.m"; sourceTree = "<group>"; };
		910A7C7D217E1E8400689DCF /* NSString+ShortCut.m */ = {isa = PBXFileReference; fileEncoding = 4; lastKnownFileType = sourcecode.c.objc; path = "NSString+ShortCut.m"; sourceTree = "<group>"; };
		910A7C7E217E1E8400689DCF /* NSDate+ShortCut.h */ = {isa = PBXFileReference; fileEncoding = 4; lastKnownFileType = sourcecode.c.h; path = "NSDate+ShortCut.h"; sourceTree = "<group>"; };
		910A7C7F217E1E8400689DCF /* UIColor+Transform.h */ = {isa = PBXFileReference; fileEncoding = 4; lastKnownFileType = sourcecode.c.h; path = "UIColor+Transform.h"; sourceTree = "<group>"; };
		910A7C80217E1E8400689DCF /* UIView+Frame.m */ = {isa = PBXFileReference; fileEncoding = 4; lastKnownFileType = sourcecode.c.objc; path = "UIView+Frame.m"; sourceTree = "<group>"; };
		910A7C81217E1E8400689DCF /* UILabel+ShortCut.h */ = {isa = PBXFileReference; fileEncoding = 4; lastKnownFileType = sourcecode.c.h; path = "UILabel+ShortCut.h"; sourceTree = "<group>"; };
		910A7C82217E1E8400689DCF /* CAShapeLayer+ShortCut.h */ = {isa = PBXFileReference; fileEncoding = 4; lastKnownFileType = sourcecode.c.h; path = "CAShapeLayer+ShortCut.h"; sourceTree = "<group>"; };
		910A7C83217E1E8400689DCF /* UIView+Draw.m */ = {isa = PBXFileReference; fileEncoding = 4; lastKnownFileType = sourcecode.c.objc; path = "UIView+Draw.m"; sourceTree = "<group>"; };
		910A7C84217E1E8400689DCF /* UIImage+Custom.m */ = {isa = PBXFileReference; fileEncoding = 4; lastKnownFileType = sourcecode.c.objc; path = "UIImage+Custom.m"; sourceTree = "<group>"; };
		910A7C85217E1E8400689DCF /* NSArray+ShortCut.m */ = {isa = PBXFileReference; fileEncoding = 4; lastKnownFileType = sourcecode.c.objc; path = "NSArray+ShortCut.m"; sourceTree = "<group>"; };
		910A7C86217E1E8400689DCF /* UIButton+ZHFShortCut.m */ = {isa = PBXFileReference; fileEncoding = 4; lastKnownFileType = sourcecode.c.objc; path = "UIButton+ZHFShortCut.m"; sourceTree = "<group>"; };
		910A7C87217E1E8400689DCF /* NSDateFormatter+ShortCut.h */ = {isa = PBXFileReference; fileEncoding = 4; lastKnownFileType = sourcecode.c.h; path = "NSDateFormatter+ShortCut.h"; sourceTree = "<group>"; };
		910A7C88217E1E8400689DCF /* UIColor+Transform.m */ = {isa = PBXFileReference; fileEncoding = 4; lastKnownFileType = sourcecode.c.objc; path = "UIColor+Transform.m"; sourceTree = "<group>"; };
		910A7C89217E1E8400689DCF /* NSDate+ShortCut.m */ = {isa = PBXFileReference; fileEncoding = 4; lastKnownFileType = sourcecode.c.objc; path = "NSDate+ShortCut.m"; sourceTree = "<group>"; };
		910A7C8A217E1E8400689DCF /* NSString+ShortCut.h */ = {isa = PBXFileReference; fileEncoding = 4; lastKnownFileType = sourcecode.c.h; path = "NSString+ShortCut.h"; sourceTree = "<group>"; };
		910A7C8B217E1E8400689DCF /* NSDecimalNumber+ShortCut.h */ = {isa = PBXFileReference; fileEncoding = 4; lastKnownFileType = sourcecode.c.h; path = "NSDecimalNumber+ShortCut.h"; sourceTree = "<group>"; };
		910A7C8C217E1E8400689DCF /* CAShapeLayer+ShortCut.m */ = {isa = PBXFileReference; fileEncoding = 4; lastKnownFileType = sourcecode.c.objc; path = "CAShapeLayer+ShortCut.m"; sourceTree = "<group>"; };
		910A7C8D217E1E8400689DCF /* UILabel+ShortCut.m */ = {isa = PBXFileReference; fileEncoding = 4; lastKnownFileType = sourcecode.c.objc; path = "UILabel+ShortCut.m"; sourceTree = "<group>"; };
		910A7C8E217E1E8400689DCF /* UIView+Frame.h */ = {isa = PBXFileReference; fileEncoding = 4; lastKnownFileType = sourcecode.c.h; path = "UIView+Frame.h"; sourceTree = "<group>"; };
		910A7C8F217E1E8400689DCF /* UIView+Draw.h */ = {isa = PBXFileReference; fileEncoding = 4; lastKnownFileType = sourcecode.c.h; path = "UIView+Draw.h"; sourceTree = "<group>"; };
		910A7C90217E1E8400689DCF /* UIImage+Custom.h */ = {isa = PBXFileReference; fileEncoding = 4; lastKnownFileType = sourcecode.c.h; path = "UIImage+Custom.h"; sourceTree = "<group>"; };
		910A7C92217E1E8400689DCF /* GlobalConfig.h */ = {isa = PBXFileReference; fileEncoding = 4; lastKnownFileType = sourcecode.c.h; path = GlobalConfig.h; sourceTree = "<group>"; };
		910A7C93217E1E8400689DCF /* GlobalConfig.m */ = {isa = PBXFileReference; fileEncoding = 4; lastKnownFileType = sourcecode.c.objc; path = GlobalConfig.m; sourceTree = "<group>"; };
		910A7C95217E1E8400689DCF /* ZHFNetworking.h */ = {isa = PBXFileReference; fileEncoding = 4; lastKnownFileType = sourcecode.c.h; path = ZHFNetworking.h; sourceTree = "<group>"; };
		910A7C96217E1E8400689DCF /* ZHFRequestParameter.h */ = {isa = PBXFileReference; fileEncoding = 4; lastKnownFileType = sourcecode.c.h; path = ZHFRequestParameter.h; sourceTree = "<group>"; };
		910A7C97217E1E8400689DCF /* ZHFRequestParameter.m */ = {isa = PBXFileReference; fileEncoding = 4; lastKnownFileType = sourcecode.c.objc; path = ZHFRequestParameter.m; sourceTree = "<group>"; };
		910A7C98217E1E8400689DCF /* ZHFNetworking.m */ = {isa = PBXFileReference; fileEncoding = 4; lastKnownFileType = sourcecode.c.objc; path = ZHFNetworking.m; sourceTree = "<group>"; };
		910A7C99217E1E8400689DCF /* Macro.h */ = {isa = PBXFileReference; fileEncoding = 4; lastKnownFileType = sourcecode.c.h; path = Macro.h; sourceTree = "<group>"; };
		910A7C9B217E1E8400689DCF /* ZHFTopWindow.m */ = {isa = PBXFileReference; fileEncoding = 4; lastKnownFileType = sourcecode.c.objc; path = ZHFTopWindow.m; sourceTree = "<group>"; };
		910A7C9C217E1E8400689DCF /* ZHFProgressHUD.h */ = {isa = PBXFileReference; fileEncoding = 4; lastKnownFileType = sourcecode.c.h; path = ZHFProgressHUD.h; sourceTree = "<group>"; };
		910A7C9D217E1E8400689DCF /* ZHFQRCodeView.h */ = {isa = PBXFileReference; fileEncoding = 4; lastKnownFileType = sourcecode.c.h; path = ZHFQRCodeView.h; sourceTree = "<group>"; };
		910A7C9E217E1E8400689DCF /* ZHFAlertControlle.m */ = {isa = PBXFileReference; fileEncoding = 4; lastKnownFileType = sourcecode.c.objc; path = ZHFAlertControlle.m; sourceTree = "<group>"; };
		910A7C9F217E1E8400689DCF /* ZHFTopWindow.h */ = {isa = PBXFileReference; fileEncoding = 4; lastKnownFileType = sourcecode.c.h; path = ZHFTopWindow.h; sourceTree = "<group>"; };
		910A7CA0217E1E8400689DCF /* ZHFQRCodeView.m */ = {isa = PBXFileReference; fileEncoding = 4; lastKnownFileType = sourcecode.c.objc; path = ZHFQRCodeView.m; sourceTree = "<group>"; };
		910A7CA1217E1E8400689DCF /* ZHFProgressHUD.m */ = {isa = PBXFileReference; fileEncoding = 4; lastKnownFileType = sourcecode.c.objc; path = ZHFProgressHUD.m; sourceTree = "<group>"; };
		910A7CA2217E1E8400689DCF /* ZHFAlertControlle.h */ = {isa = PBXFileReference; fileEncoding = 4; lastKnownFileType = sourcecode.c.h; path = ZHFAlertControlle.h; sourceTree = "<group>"; };
		910A7CA5217E1E8400689DCF /* FileManager.h */ = {isa = PBXFileReference; fileEncoding = 4; lastKnownFileType = sourcecode.c.h; path = FileManager.h; sourceTree = "<group>"; };
		910A7CA6217E1E8400689DCF /* FileManager.m */ = {isa = PBXFileReference; fileEncoding = 4; lastKnownFileType = sourcecode.c.objc; path = FileManager.m; sourceTree = "<group>"; };
		910A7CA7217E1E8400689DCF /* ZHFFoundation.h */ = {isa = PBXFileReference; fileEncoding = 4; lastKnownFileType = sourcecode.c.h; path = ZHFFoundation.h; sourceTree = "<group>"; };
		910A7CAA217E1E8400689DCF /* Utility.m */ = {isa = PBXFileReference; fileEncoding = 4; lastKnownFileType = sourcecode.c.objc; path = Utility.m; sourceTree = "<group>"; };
		910A7CAB217E1E8400689DCF /* Utility.h */ = {isa = PBXFileReference; fileEncoding = 4; lastKnownFileType = sourcecode.c.h; path = Utility.h; sourceTree = "<group>"; };
		910A7CC4217E1ECD00689DCF /* phoneNumPrefix.plist */ = {isa = PBXFileReference; fileEncoding = 4; lastKnownFileType = text.plist.xml; path = phoneNumPrefix.plist; sourceTree = "<group>"; };
		910A7CC5217E1ECD00689DCF /* Document.strings */ = {isa = PBXFileReference; fileEncoding = 4; lastKnownFileType = text.plist.strings; path = Document.strings; sourceTree = "<group>"; };
		917A3BC1217F78A7009094F3 /* ZHFLogerManager.h */ = {isa = PBXFileReference; lastKnownFileType = sourcecode.c.h; path = ZHFLogerManager.h; sourceTree = "<group>"; };
		917A3BC2217F78A7009094F3 /* ZHFLogerManager.m */ = {isa = PBXFileReference; lastKnownFileType = sourcecode.c.objc; path = ZHFLogerManager.m; sourceTree = "<group>"; };
		9180C18621F73FB6002711FC /* NSObject+Runtime.h */ = {isa = PBXFileReference; lastKnownFileType = sourcecode.c.h; path = "NSObject+Runtime.h"; sourceTree = "<group>"; };
		9180C18721F73FB6002711FC /* NSObject+Runtime.m */ = {isa = PBXFileReference; lastKnownFileType = sourcecode.c.objc; path = "NSObject+Runtime.m"; sourceTree = "<group>"; };
		918B57582170858F00E9B71D /* BottomComponentLib.app */ = {isa = PBXFileReference; explicitFileType = wrapper.application; includeInIndex = 0; path = BottomComponentLib.app; sourceTree = BUILT_PRODUCTS_DIR; };
		918B575B2170858F00E9B71D /* AppDelegate.h */ = {isa = PBXFileReference; lastKnownFileType = sourcecode.c.h; path = AppDelegate.h; sourceTree = "<group>"; };
		918B575C2170858F00E9B71D /* AppDelegate.m */ = {isa = PBXFileReference; lastKnownFileType = sourcecode.c.objc; path = AppDelegate.m; sourceTree = "<group>"; };
		918B575E2170858F00E9B71D /* ViewController.h */ = {isa = PBXFileReference; lastKnownFileType = sourcecode.c.h; path = ViewController.h; sourceTree = "<group>"; };
		918B575F2170858F00E9B71D /* ViewController.m */ = {isa = PBXFileReference; lastKnownFileType = sourcecode.c.objc; path = ViewController.m; sourceTree = "<group>"; };
		918B57622170858F00E9B71D /* Base */ = {isa = PBXFileReference; lastKnownFileType = file.storyboard; name = Base; path = Base.lproj/Main.storyboard; sourceTree = "<group>"; };
		918B57642170859200E9B71D /* Assets.xcassets */ = {isa = PBXFileReference; lastKnownFileType = folder.assetcatalog; path = Assets.xcassets; sourceTree = "<group>"; };
		918B57672170859200E9B71D /* Base */ = {isa = PBXFileReference; lastKnownFileType = file.storyboard; name = Base; path = Base.lproj/LaunchScreen.storyboard; sourceTree = "<group>"; };
		918B57692170859200E9B71D /* Info.plist */ = {isa = PBXFileReference; lastKnownFileType = text.plist.xml; path = Info.plist; sourceTree = "<group>"; };
		918B576A2170859200E9B71D /* main.m */ = {isa = PBXFileReference; lastKnownFileType = sourcecode.c.objc; path = main.m; sourceTree = "<group>"; };
		918B57702170859200E9B71D /* BottomComponentLibTests.xctest */ = {isa = PBXFileReference; explicitFileType = wrapper.cfbundle; includeInIndex = 0; path = BottomComponentLibTests.xctest; sourceTree = BUILT_PRODUCTS_DIR; };
		918B57742170859200E9B71D /* BottomComponentLibTests.m */ = {isa = PBXFileReference; lastKnownFileType = sourcecode.c.objc; path = BottomComponentLibTests.m; sourceTree = "<group>"; };
		918B57762170859200E9B71D /* Info.plist */ = {isa = PBXFileReference; lastKnownFileType = text.plist.xml; path = Info.plist; sourceTree = "<group>"; };
		9192112F21EDBD6900CD9C1B /* ZHFRealmManager.h */ = {isa = PBXFileReference; lastKnownFileType = sourcecode.c.h; path = ZHFRealmManager.h; sourceTree = "<group>"; };
		9192113021EDBD6900CD9C1B /* ZHFRealmManager.m */ = {isa = PBXFileReference; lastKnownFileType = sourcecode.c.objc; path = ZHFRealmManager.m; sourceTree = "<group>"; };
		9192113221EDC18D00CD9C1B /* ZHFPruduct.h */ = {isa = PBXFileReference; lastKnownFileType = sourcecode.c.h; path = ZHFPruduct.h; sourceTree = "<group>"; };
		9192113321EDC18D00CD9C1B /* ZHFPruduct.m */ = {isa = PBXFileReference; lastKnownFileType = sourcecode.c.objc; path = ZHFPruduct.m; sourceTree = "<group>"; };
		9192113521EDC2D300CD9C1B /* ZHFPerson.h */ = {isa = PBXFileReference; lastKnownFileType = sourcecode.c.h; path = ZHFPerson.h; sourceTree = "<group>"; };
		9192113621EDC2D300CD9C1B /* ZHFPerson.m */ = {isa = PBXFileReference; lastKnownFileType = sourcecode.c.objc; path = ZHFPerson.m; sourceTree = "<group>"; };
		919E73B3217EBACF003D5F37 /* UITextView+Helper.h */ = {isa = PBXFileReference; fileEncoding = 4; lastKnownFileType = sourcecode.c.h; path = "UITextView+Helper.h"; sourceTree = "<group>"; };
		919E73B4217EBAD0003D5F37 /* UITextView+Helper.m */ = {isa = PBXFileReference; fileEncoding = 4; lastKnownFileType = sourcecode.c.objc; path = "UITextView+Helper.m"; sourceTree = "<group>"; };
		919F79D521904BD100A82C0D /* ZHFPersistenceLibrary.h */ = {isa = PBXFileReference; fileEncoding = 4; lastKnownFileType = sourcecode.c.h; path = ZHFPersistenceLibrary.h; sourceTree = "<group>"; };
		919F79D621904BD100A82C0D /* ZHFPersistenceLibrary.m */ = {isa = PBXFileReference; fileEncoding = 4; lastKnownFileType = sourcecode.c.objc; path = ZHFPersistenceLibrary.m; sourceTree = "<group>"; };
		919F79D821904CE400A82C0D /* ZHFPersistenceProtocol.h */ = {isa = PBXFileReference; lastKnownFileType = sourcecode.c.h; path = ZHFPersistenceProtocol.h; sourceTree = "<group>"; };
		919F79D921904E2E00A82C0D /* ZHFPersistenceSQL.h */ = {isa = PBXFileReference; lastKnownFileType = sourcecode.c.h; path = ZHFPersistenceSQL.h; sourceTree = "<group>"; };
		919F79DA21904E2E00A82C0D /* ZHFPersistenceSQL.m */ = {isa = PBXFileReference; lastKnownFileType = sourcecode.c.objc; path = ZHFPersistenceSQL.m; sourceTree = "<group>"; };
		919F79DC21904FEF00A82C0D /* ZHFPersistenceRealm.h */ = {isa = PBXFileReference; lastKnownFileType = sourcecode.c.h; path = ZHFPersistenceRealm.h; sourceTree = "<group>"; };
		919F79DD21904FEF00A82C0D /* ZHFPersistenceRealm.m */ = {isa = PBXFileReference; lastKnownFileType = sourcecode.c.objc; path = ZHFPersistenceRealm.m; sourceTree = "<group>"; };
		91FE53C921C53C70009B4B0A /* NSMutableArray+Stack.h */ = {isa = PBXFileReference; lastKnownFileType = sourcecode.c.h; path = "NSMutableArray+Stack.h"; sourceTree = "<group>"; };
		91FE53CA21C53C70009B4B0A /* NSMutableArray+Stack.m */ = {isa = PBXFileReference; lastKnownFileType = sourcecode.c.objc; path = "NSMutableArray+Stack.m"; sourceTree = "<group>"; };
		D88CD5292384518C4FC820CA /* libPods-BottomComponentLib.a */ = {isa = PBXFileReference; explicitFileType = archive.ar; includeInIndex = 0; path = "libPods-BottomComponentLib.a"; sourceTree = BUILT_PRODUCTS_DIR; };
		E6048094E0DAB7E773A2A73C /* Pods-BottomComponentLib.release.xcconfig */ = {isa = PBXFileReference; includeInIndex = 1; lastKnownFileType = text.xcconfig; name = "Pods-BottomComponentLib.release.xcconfig"; path = "Pods/Target Support Files/Pods-BottomComponentLib/Pods-BottomComponentLib.release.xcconfig"; sourceTree = "<group>"; };
/* End PBXFileReference section */

/* Begin PBXFrameworksBuildPhase section */
		918B57552170858F00E9B71D /* Frameworks */ = {
			isa = PBXFrameworksBuildPhase;
			buildActionMask = 2147483647;
			files = (
				C9DEF5A9A8F712C3D2844D35 /* libPods-BottomComponentLib.a in Frameworks */,
			);
			runOnlyForDeploymentPostprocessing = 0;
		};
		918B576D2170859200E9B71D /* Frameworks */ = {
			isa = PBXFrameworksBuildPhase;
			buildActionMask = 2147483647;
			files = (
			);
			runOnlyForDeploymentPostprocessing = 0;
		};
/* End PBXFrameworksBuildPhase section */

/* Begin PBXGroup section */
		25877EAC2E6A2C66FEE289AE /* Frameworks */ = {
			isa = PBXGroup;
			children = (
				D88CD5292384518C4FC820CA /* libPods-BottomComponentLib.a */,
			);
			name = Frameworks;
			sourceTree = "<group>";
		};
		910A7C74217E1E8400689DCF /* Swift */ = {
			isa = PBXGroup;
			children = (
				910A7C75217E1E8400689DCF /* ImageExtend.swift */,
				910A7C76217E1E8400689DCF /* BottomComponentLib-Bridging-Header.h */,
			);
			path = Swift;
			sourceTree = "<group>";
		};
		910A7C77217E1E8400689DCF /* Object-C */ = {
			isa = PBXGroup;
			children = (
				9192112E21EDBD4200CD9C1B /* RealmManager */,
				910A7C99217E1E8400689DCF /* Macro.h */,
				910A7CA7217E1E8400689DCF /* ZHFFoundation.h */,
				910A7C78217E1E8400689DCF /* Category */,
				910A7C91217E1E8400689DCF /* Config */,
				910A7C94217E1E8400689DCF /* NetWorking */,
				910A7C9A217E1E8400689DCF /* Foundation */,
				910A7CA4217E1E8400689DCF /* FileManager */,
				910A7CA9217E1E8400689DCF /* Helper */,
			);
			path = "Object-C";
			sourceTree = "<group>";
		};
		910A7C78217E1E8400689DCF /* Category */ = {
			isa = PBXGroup;
			children = (
				919E73B3217EBACF003D5F37 /* UITextView+Helper.h */,
				919E73B4217EBAD0003D5F37 /* UITextView+Helper.m */,
				910A7C79217E1E8400689DCF /* NSDateFormatter+ShortCut.m */,
				910A7C7A217E1E8400689DCF /* UIButton+ZHFShortCut.h */,
				910A7C7B217E1E8400689DCF /* NSArray+ShortCut.h */,
				910A7C7C217E1E8400689DCF /* NSDecimalNumber+ShortCut.m */,
				910A7C7D217E1E8400689DCF /* NSString+ShortCut.m */,
				910A7C7E217E1E8400689DCF /* NSDate+ShortCut.h */,
				910A7C7F217E1E8400689DCF /* UIColor+Transform.h */,
				910A7C80217E1E8400689DCF /* UIView+Frame.m */,
				910A7C81217E1E8400689DCF /* UILabel+ShortCut.h */,
				910A7C82217E1E8400689DCF /* CAShapeLayer+ShortCut.h */,
				910A7C83217E1E8400689DCF /* UIView+Draw.m */,
				910A7C84217E1E8400689DCF /* UIImage+Custom.m */,
				910A7C85217E1E8400689DCF /* NSArray+ShortCut.m */,
				910A7C86217E1E8400689DCF /* UIButton+ZHFShortCut.m */,
				910A7C87217E1E8400689DCF /* NSDateFormatter+ShortCut.h */,
				910A7C88217E1E8400689DCF /* UIColor+Transform.m */,
				910A7C89217E1E8400689DCF /* NSDate+ShortCut.m */,
				910A7C8A217E1E8400689DCF /* NSString+ShortCut.h */,
				910A7C8B217E1E8400689DCF /* NSDecimalNumber+ShortCut.h */,
				910A7C8C217E1E8400689DCF /* CAShapeLayer+ShortCut.m */,
				910A7C8D217E1E8400689DCF /* UILabel+ShortCut.m */,
				910A7C8E217E1E8400689DCF /* UIView+Frame.h */,
				910A7C8F217E1E8400689DCF /* UIView+Draw.h */,
				910A7C90217E1E8400689DCF /* UIImage+Custom.h */,
				91FE53C921C53C70009B4B0A /* NSMutableArray+Stack.h */,
				91FE53CA21C53C70009B4B0A /* NSMutableArray+Stack.m */,
				9180C18621F73FB6002711FC /* NSObject+Runtime.h */,
				9180C18721F73FB6002711FC /* NSObject+Runtime.m */,
			);
			path = Category;
			sourceTree = "<group>";
		};
		910A7C91217E1E8400689DCF /* Config */ = {
			isa = PBXGroup;
			children = (
				910A7C92217E1E8400689DCF /* GlobalConfig.h */,
				910A7C93217E1E8400689DCF /* GlobalConfig.m */,
			);
			path = Config;
			sourceTree = "<group>";
		};
		910A7C94217E1E8400689DCF /* NetWorking */ = {
			isa = PBXGroup;
			children = (
				910A7C95217E1E8400689DCF /* ZHFNetworking.h */,
				910A7C98217E1E8400689DCF /* ZHFNetworking.m */,
				910A7C96217E1E8400689DCF /* ZHFRequestParameter.h */,
				910A7C97217E1E8400689DCF /* ZHFRequestParameter.m */,
			);
			path = NetWorking;
			sourceTree = "<group>";
		};
		910A7C9A217E1E8400689DCF /* Foundation */ = {
			isa = PBXGroup;
			children = (
				919F79D421904BD100A82C0D /* PersistenceLibrary */,
				910A7C9F217E1E8400689DCF /* ZHFTopWindow.h */,
				910A7C9B217E1E8400689DCF /* ZHFTopWindow.m */,
				910A7C9D217E1E8400689DCF /* ZHFQRCodeView.h */,
				910A7CA0217E1E8400689DCF /* ZHFQRCodeView.m */,
				910A7C9C217E1E8400689DCF /* ZHFProgressHUD.h */,
				910A7CA1217E1E8400689DCF /* ZHFProgressHUD.m */,
				910A7CA2217E1E8400689DCF /* ZHFAlertControlle.h */,
				910A7C9E217E1E8400689DCF /* ZHFAlertControlle.m */,
			);
			path = Foundation;
			sourceTree = "<group>";
		};
		910A7CA4217E1E8400689DCF /* FileManager */ = {
			isa = PBXGroup;
			children = (
				910A7CA5217E1E8400689DCF /* FileManager.h */,
				910A7CA6217E1E8400689DCF /* FileManager.m */,
				917A3BC1217F78A7009094F3 /* ZHFLogerManager.h */,
				917A3BC2217F78A7009094F3 /* ZHFLogerManager.m */,
			);
			path = FileManager;
			sourceTree = "<group>";
		};
		910A7CA9217E1E8400689DCF /* Helper */ = {
			isa = PBXGroup;
			children = (
				910A7CAB217E1E8400689DCF /* Utility.h */,
				910A7CAA217E1E8400689DCF /* Utility.m */,
			);
			path = Helper;
			sourceTree = "<group>";
		};
		918B574F2170858F00E9B71D = {
			isa = PBXGroup;
			children = (
				918B57C921708BF000E9B71D /* SRC */,
				918B575A2170858F00E9B71D /* BottomComponentLib */,
				918B57732170859200E9B71D /* BottomComponentLibTests */,
				918B57592170858F00E9B71D /* Products */,
				AD67DE121D0635BA9DE68FF0 /* Pods */,
				25877EAC2E6A2C66FEE289AE /* Frameworks */,
			);
			sourceTree = "<group>";
		};
		918B57592170858F00E9B71D /* Products */ = {
			isa = PBXGroup;
			children = (
				918B57582170858F00E9B71D /* BottomComponentLib.app */,
				918B57702170859200E9B71D /* BottomComponentLibTests.xctest */,
			);
			name = Products;
			sourceTree = "<group>";
		};
		918B575A2170858F00E9B71D /* BottomComponentLib */ = {
			isa = PBXGroup;
			children = (
				918B575B2170858F00E9B71D /* AppDelegate.h */,
				918B575C2170858F00E9B71D /* AppDelegate.m */,
				918B575E2170858F00E9B71D /* ViewController.h */,
				918B575F2170858F00E9B71D /* ViewController.m */,
				918B57612170858F00E9B71D /* Main.storyboard */,
				918B57642170859200E9B71D /* Assets.xcassets */,
				918B57662170859200E9B71D /* LaunchScreen.storyboard */,
				918B57692170859200E9B71D /* Info.plist */,
				918B576A2170859200E9B71D /* main.m */,
			);
			path = BottomComponentLib;
			sourceTree = "<group>";
		};
		918B57732170859200E9B71D /* BottomComponentLibTests */ = {
			isa = PBXGroup;
			children = (
				918B57742170859200E9B71D /* BottomComponentLibTests.m */,
				918B57762170859200E9B71D /* Info.plist */,
			);
			path = BottomComponentLibTests;
			sourceTree = "<group>";
		};
		918B57C921708BF000E9B71D /* SRC */ = {
			isa = PBXGroup;
			children = (
				910A7C77217E1E8400689DCF /* Object-C */,
				910A7C74217E1E8400689DCF /* Swift */,
				91B329292176E6EC00DD0042 /* Resouce */,
			);
			path = SRC;
			sourceTree = "<group>";
		};
		9192112E21EDBD4200CD9C1B /* RealmManager */ = {
			isa = PBXGroup;
			children = (
				9192112F21EDBD6900CD9C1B /* ZHFRealmManager.h */,
				9192113021EDBD6900CD9C1B /* ZHFRealmManager.m */,
				9192113221EDC18D00CD9C1B /* ZHFPruduct.h */,
				9192113321EDC18D00CD9C1B /* ZHFPruduct.m */,
				9192113521EDC2D300CD9C1B /* ZHFPerson.h */,
				9192113621EDC2D300CD9C1B /* ZHFPerson.m */,
			);
			path = RealmManager;
			sourceTree = "<group>";
		};
		919F79D421904BD100A82C0D /* PersistenceLibrary */ = {
			isa = PBXGroup;
			children = (
				919F79D521904BD100A82C0D /* ZHFPersistenceLibrary.h */,
				919F79D621904BD100A82C0D /* ZHFPersistenceLibrary.m */,
				919F79D821904CE400A82C0D /* ZHFPersistenceProtocol.h */,
				919F79D921904E2E00A82C0D /* ZHFPersistenceSQL.h */,
				919F79DA21904E2E00A82C0D /* ZHFPersistenceSQL.m */,
				919F79DC21904FEF00A82C0D /* ZHFPersistenceRealm.h */,
				919F79DD21904FEF00A82C0D /* ZHFPersistenceRealm.m */,
			);
			path = PersistenceLibrary;
			sourceTree = "<group>";
		};
		91B329292176E6EC00DD0042 /* Resouce */ = {
			isa = PBXGroup;
			children = (
				910A7CC5217E1ECD00689DCF /* Document.strings */,
				910A7CC4217E1ECD00689DCF /* phoneNumPrefix.plist */,
			);
			path = Resouce;
			sourceTree = "<group>";
		};
		AD67DE121D0635BA9DE68FF0 /* Pods */ = {
			isa = PBXGroup;
			children = (
				4C41DF8010BFB3699E8B9D9C /* Pods-BottomComponentLib.debug.xcconfig */,
				E6048094E0DAB7E773A2A73C /* Pods-BottomComponentLib.release.xcconfig */,
			);
			name = Pods;
			sourceTree = "<group>";
		};
/* End PBXGroup section */

/* Begin PBXNativeTarget section */
		918B57572170858F00E9B71D /* BottomComponentLib */ = {
			isa = PBXNativeTarget;
			buildConfigurationList = 918B57792170859200E9B71D /* Build configuration list for PBXNativeTarget "BottomComponentLib" */;
			buildPhases = (
				AB37EF5090D28845A74523BF /* [CP] Check Pods Manifest.lock */,
				918B57542170858F00E9B71D /* Sources */,
				918B57552170858F00E9B71D /* Frameworks */,
				918B57562170858F00E9B71D /* Resources */,
				AED31BE4D11BB03F733FAD14 /* [CP] Copy Pods Resources */,
			);
			buildRules = (
			);
			dependencies = (
			);
			name = BottomComponentLib;
			productName = BottomComponentLib;
			productReference = 918B57582170858F00E9B71D /* BottomComponentLib.app */;
			productType = "com.apple.product-type.application";
		};
		918B576F2170859200E9B71D /* BottomComponentLibTests */ = {
			isa = PBXNativeTarget;
			buildConfigurationList = 918B577C2170859200E9B71D /* Build configuration list for PBXNativeTarget "BottomComponentLibTests" */;
			buildPhases = (
				918B576C2170859200E9B71D /* Sources */,
				918B576D2170859200E9B71D /* Frameworks */,
				918B576E2170859200E9B71D /* Resources */,
			);
			buildRules = (
			);
			dependencies = (
				918B57722170859200E9B71D /* PBXTargetDependency */,
			);
			name = BottomComponentLibTests;
			productName = BottomComponentLibTests;
			productReference = 918B57702170859200E9B71D /* BottomComponentLibTests.xctest */;
			productType = "com.apple.product-type.bundle.unit-test";
		};
/* End PBXNativeTarget section */

/* Begin PBXProject section */
		918B57502170858F00E9B71D /* Project object */ = {
			isa = PBXProject;
			attributes = {
				LastUpgradeCheck = 0940;
				ORGANIZATIONNAME = zhoufei;
				TargetAttributes = {
					918B57572170858F00E9B71D = {
						CreatedOnToolsVersion = 9.4.1;
						LastSwiftMigration = 1000;
					};
					918B576F2170859200E9B71D = {
						CreatedOnToolsVersion = 9.4.1;
						TestTargetID = 918B57572170858F00E9B71D;
					};
				};
			};
			buildConfigurationList = 918B57532170858F00E9B71D /* Build configuration list for PBXProject "BottomComponentLib" */;
			compatibilityVersion = "Xcode 9.3";
			developmentRegion = en;
			hasScannedForEncodings = 0;
			knownRegions = (
				en,
				Base,
			);
			mainGroup = 918B574F2170858F00E9B71D;
			productRefGroup = 918B57592170858F00E9B71D /* Products */;
			projectDirPath = "";
			projectRoot = "";
			targets = (
				918B57572170858F00E9B71D /* BottomComponentLib */,
				918B576F2170859200E9B71D /* BottomComponentLibTests */,
			);
		};
/* End PBXProject section */

/* Begin PBXResourcesBuildPhase section */
		918B57562170858F00E9B71D /* Resources */ = {
			isa = PBXResourcesBuildPhase;
			buildActionMask = 2147483647;
			files = (
				918B57682170859200E9B71D /* LaunchScreen.storyboard in Resources */,
				910A7CC7217E1ECD00689DCF /* Document.strings in Resources */,
				918B57652170859200E9B71D /* Assets.xcassets in Resources */,
				910A7CC6217E1ECD00689DCF /* phoneNumPrefix.plist in Resources */,
				918B57632170858F00E9B71D /* Main.storyboard in Resources */,
			);
			runOnlyForDeploymentPostprocessing = 0;
		};
		918B576E2170859200E9B71D /* Resources */ = {
			isa = PBXResourcesBuildPhase;
			buildActionMask = 2147483647;
			files = (
			);
			runOnlyForDeploymentPostprocessing = 0;
		};
/* End PBXResourcesBuildPhase section */

/* Begin PBXShellScriptBuildPhase section */
		AB37EF5090D28845A74523BF /* [CP] Check Pods Manifest.lock */ = {
			isa = PBXShellScriptBuildPhase;
			buildActionMask = 2147483647;
			files = (
			);
			inputPaths = (
				"${PODS_PODFILE_DIR_PATH}/Podfile.lock",
				"${PODS_ROOT}/Manifest.lock",
			);
			name = "[CP] Check Pods Manifest.lock";
			outputPaths = (
				"$(DERIVED_FILE_DIR)/Pods-BottomComponentLib-checkManifestLockResult.txt",
			);
			runOnlyForDeploymentPostprocessing = 0;
			shellPath = /bin/sh;
			shellScript = "diff \"${PODS_PODFILE_DIR_PATH}/Podfile.lock\" \"${PODS_ROOT}/Manifest.lock\" > /dev/null\nif [ $? != 0 ] ; then\n    # print error to STDERR\n    echo \"error: The sandbox is not in sync with the Podfile.lock. Run 'pod install' or update your CocoaPods installation.\" >&2\n    exit 1\nfi\n# This output is used by Xcode 'outputs' to avoid re-running this script phase.\necho \"SUCCESS\" > \"${SCRIPT_OUTPUT_FILE_0}\"\n";
			showEnvVarsInLog = 0;
		};
		AED31BE4D11BB03F733FAD14 /* [CP] Copy Pods Resources */ = {
			isa = PBXShellScriptBuildPhase;
			buildActionMask = 2147483647;
			files = (
			);
			inputPaths = (
				"${SRCROOT}/Pods/Target Support Files/Pods-BottomComponentLib/Pods-BottomComponentLib-resources.sh",
				"${PODS_ROOT}/MJRefresh/MJRefresh/MJRefresh.bundle",
				"${PODS_ROOT}/PinYin4Objc/PinYin4Objc/Resources/unicode_to_hanyu_pinyin.txt",
				"${PODS_ROOT}/SIAlertView/SIAlertView/SIAlertView.bundle",
				"${PODS_ROOT}/UMengUShare/UShareSDK/UMSocialSDK/UMSocialSDKPromptResources.bundle",
				"${PODS_ROOT}/UMengUShare/UShareSDK/SocialLibraries/QQ/QQSDK/TencentOpenApi_IOS_Bundle.bundle",
				"${PODS_ROOT}/UMengUShare/UShareSDK/UMSocialUI/UMSocialSDKResources.bundle",
			);
			name = "[CP] Copy Pods Resources";
			outputPaths = (
				"${TARGET_BUILD_DIR}/${UNLOCALIZED_RESOURCES_FOLDER_PATH}/MJRefresh.bundle",
				"${TARGET_BUILD_DIR}/${UNLOCALIZED_RESOURCES_FOLDER_PATH}/unicode_to_hanyu_pinyin.txt",
				"${TARGET_BUILD_DIR}/${UNLOCALIZED_RESOURCES_FOLDER_PATH}/SIAlertView.bundle",
				"${TARGET_BUILD_DIR}/${UNLOCALIZED_RESOURCES_FOLDER_PATH}/UMSocialSDKPromptResources.bundle",
				"${TARGET_BUILD_DIR}/${UNLOCALIZED_RESOURCES_FOLDER_PATH}/TencentOpenApi_IOS_Bundle.bundle",
				"${TARGET_BUILD_DIR}/${UNLOCALIZED_RESOURCES_FOLDER_PATH}/UMSocialSDKResources.bundle",
			);
			runOnlyForDeploymentPostprocessing = 0;
			shellPath = /bin/sh;
			shellScript = "\"${SRCROOT}/Pods/Target Support Files/Pods-BottomComponentLib/Pods-BottomComponentLib-resources.sh\"\n";
			showEnvVarsInLog = 0;
		};
/* End PBXShellScriptBuildPhase section */

/* Begin PBXSourcesBuildPhase section */
		918B57542170858F00E9B71D /* Sources */ = {
			isa = PBXSourcesBuildPhase;
			buildActionMask = 2147483647;
			files = (
				9192113121EDBD6900CD9C1B /* ZHFRealmManager.m in Sources */,
				910A7CB6217E1E8400689DCF /* NSDate+ShortCut.m in Sources */,
				919E73B5217EBAD0003D5F37 /* UITextView+Helper.m in Sources */,
				910A7CB3217E1E8400689DCF /* NSArray+ShortCut.m in Sources */,
				91FE53CB21C53C70009B4B0A /* NSMutableArray+Stack.m in Sources */,
				917A3BC3217F78A7009094F3 /* ZHFLogerManager.m in Sources */,
				910A7CC3217E1E8400689DCF /* Utility.m in Sources */,
				910A7CB8217E1E8400689DCF /* UILabel+ShortCut.m in Sources */,
				910A7CB0217E1E8400689DCF /* UIView+Frame.m in Sources */,
				918B57602170858F00E9B71D /* ViewController.m in Sources */,
				910A7CAE217E1E8400689DCF /* NSDecimalNumber+ShortCut.m in Sources */,
				918B576B2170859200E9B71D /* main.m in Sources */,
				910A7CB5217E1E8400689DCF /* UIColor+Transform.m in Sources */,
				910A7CBD217E1E8400689DCF /* ZHFAlertControlle.m in Sources */,
				910A7CBB217E1E8400689DCF /* ZHFNetworking.m in Sources */,
				910A7CAD217E1E8400689DCF /* NSDateFormatter+ShortCut.m in Sources */,
				9180C18821F73FB6002711FC /* NSObject+Runtime.m in Sources */,
				910A7CC1217E1E8400689DCF /* FileManager.m in Sources */,
				910A7CBE217E1E8400689DCF /* ZHFQRCodeView.m in Sources */,
				910A7CB4217E1E8400689DCF /* UIButton+ZHFShortCut.m in Sources */,
				910A7CAF217E1E8400689DCF /* NSString+ShortCut.m in Sources */,
				919F79DE21904FEF00A82C0D /* ZHFPersistenceRealm.m in Sources */,
				9192113721EDC2D300CD9C1B /* ZHFPerson.m in Sources */,
				910A7CB1217E1E8400689DCF /* UIView+Draw.m in Sources */,
				910A7CBF217E1E8400689DCF /* ZHFProgressHUD.m in Sources */,
				919F79D721904BD100A82C0D /* ZHFPersistenceLibrary.m in Sources */,
				9192113421EDC18D00CD9C1B /* ZHFPruduct.m in Sources */,
				919F79DB21904E2E00A82C0D /* ZHFPersistenceSQL.m in Sources */,
				918B575D2170858F00E9B71D /* AppDelegate.m in Sources */,
				910A7CB9217E1E8400689DCF /* GlobalConfig.m in Sources */,
				910A7CB2217E1E8400689DCF /* UIImage+Custom.m in Sources */,
				910A7CBC217E1E8400689DCF /* ZHFTopWindow.m in Sources */,
				910A7CAC217E1E8400689DCF /* ImageExtend.swift in Sources */,
				910A7CBA217E1E8400689DCF /* ZHFRequestParameter.m in Sources */,
				910A7CB7217E1E8400689DCF /* CAShapeLayer+ShortCut.m in Sources */,
			);
			runOnlyForDeploymentPostprocessing = 0;
		};
		918B576C2170859200E9B71D /* Sources */ = {
			isa = PBXSourcesBuildPhase;
			buildActionMask = 2147483647;
			files = (
				918B57752170859200E9B71D /* BottomComponentLibTests.m in Sources */,
			);
			runOnlyForDeploymentPostprocessing = 0;
		};
/* End PBXSourcesBuildPhase section */

/* Begin PBXTargetDependency section */
		918B57722170859200E9B71D /* PBXTargetDependency */ = {
			isa = PBXTargetDependency;
			target = 918B57572170858F00E9B71D /* BottomComponentLib */;
			targetProxy = 918B57712170859200E9B71D /* PBXContainerItemProxy */;
		};
/* End PBXTargetDependency section */

/* Begin PBXVariantGroup section */
		918B57612170858F00E9B71D /* Main.storyboard */ = {
			isa = PBXVariantGroup;
			children = (
				918B57622170858F00E9B71D /* Base */,
			);
			name = Main.storyboard;
			sourceTree = "<group>";
		};
		918B57662170859200E9B71D /* LaunchScreen.storyboard */ = {
			isa = PBXVariantGroup;
			children = (
				918B57672170859200E9B71D /* Base */,
			);
			name = LaunchScreen.storyboard;
			sourceTree = "<group>";
		};
/* End PBXVariantGroup section */

/* Begin XCBuildConfiguration section */
		918B57772170859200E9B71D /* Debug */ = {
			isa = XCBuildConfiguration;
			buildSettings = {
				ALWAYS_SEARCH_USER_PATHS = NO;
				CLANG_ANALYZER_NONNULL = YES;
				CLANG_ANALYZER_NUMBER_OBJECT_CONVERSION = YES_AGGRESSIVE;
				CLANG_CXX_LANGUAGE_STANDARD = "gnu++14";
				CLANG_CXX_LIBRARY = "libc++";
				CLANG_ENABLE_MODULES = YES;
				CLANG_ENABLE_OBJC_ARC = YES;
				CLANG_ENABLE_OBJC_WEAK = YES;
				CLANG_WARN_BLOCK_CAPTURE_AUTORELEASING = YES;
				CLANG_WARN_BOOL_CONVERSION = YES;
				CLANG_WARN_COMMA = YES;
				CLANG_WARN_CONSTANT_CONVERSION = YES;
				CLANG_WARN_DEPRECATED_OBJC_IMPLEMENTATIONS = YES;
				CLANG_WARN_DIRECT_OBJC_ISA_USAGE = YES_ERROR;
				CLANG_WARN_DOCUMENTATION_COMMENTS = YES;
				CLANG_WARN_EMPTY_BODY = YES;
				CLANG_WARN_ENUM_CONVERSION = YES;
				CLANG_WARN_INFINITE_RECURSION = YES;
				CLANG_WARN_INT_CONVERSION = YES;
				CLANG_WARN_NON_LITERAL_NULL_CONVERSION = YES;
				CLANG_WARN_OBJC_IMPLICIT_RETAIN_SELF = YES;
				CLANG_WARN_OBJC_LITERAL_CONVERSION = YES;
				CLANG_WARN_OBJC_ROOT_CLASS = YES_ERROR;
				CLANG_WARN_RANGE_LOOP_ANALYSIS = YES;
				CLANG_WARN_STRICT_PROTOTYPES = YES;
				CLANG_WARN_SUSPICIOUS_MOVE = YES;
				CLANG_WARN_UNGUARDED_AVAILABILITY = YES_AGGRESSIVE;
				CLANG_WARN_UNREACHABLE_CODE = YES;
				CLANG_WARN__DUPLICATE_METHOD_MATCH = YES;
				CODE_SIGN_IDENTITY = "iPhone Developer";
				COPY_PHASE_STRIP = NO;
				DEBUG_INFORMATION_FORMAT = dwarf;
				ENABLE_STRICT_OBJC_MSGSEND = YES;
				ENABLE_TESTABILITY = YES;
				GCC_C_LANGUAGE_STANDARD = gnu11;
				GCC_DYNAMIC_NO_PIC = NO;
				GCC_NO_COMMON_BLOCKS = YES;
				GCC_OPTIMIZATION_LEVEL = 0;
				GCC_PREPROCESSOR_DEFINITIONS = (
					"DEBUG=1",
					"$(inherited)",
				);
				GCC_WARN_64_TO_32_BIT_CONVERSION = YES;
				GCC_WARN_ABOUT_RETURN_TYPE = YES_ERROR;
				GCC_WARN_UNDECLARED_SELECTOR = YES;
				GCC_WARN_UNINITIALIZED_AUTOS = YES_AGGRESSIVE;
				GCC_WARN_UNUSED_FUNCTION = YES;
				GCC_WARN_UNUSED_VARIABLE = YES;
				IPHONEOS_DEPLOYMENT_TARGET = 11.4;
				MTL_ENABLE_DEBUG_INFO = YES;
				ONLY_ACTIVE_ARCH = YES;
				SDKROOT = iphoneos;
			};
			name = Debug;
		};
		918B57782170859200E9B71D /* Release */ = {
			isa = XCBuildConfiguration;
			buildSettings = {
				ALWAYS_SEARCH_USER_PATHS = NO;
				CLANG_ANALYZER_NONNULL = YES;
				CLANG_ANALYZER_NUMBER_OBJECT_CONVERSION = YES_AGGRESSIVE;
				CLANG_CXX_LANGUAGE_STANDARD = "gnu++14";
				CLANG_CXX_LIBRARY = "libc++";
				CLANG_ENABLE_MODULES = YES;
				CLANG_ENABLE_OBJC_ARC = YES;
				CLANG_ENABLE_OBJC_WEAK = YES;
				CLANG_WARN_BLOCK_CAPTURE_AUTORELEASING = YES;
				CLANG_WARN_BOOL_CONVERSION = YES;
				CLANG_WARN_COMMA = YES;
				CLANG_WARN_CONSTANT_CONVERSION = YES;
				CLANG_WARN_DEPRECATED_OBJC_IMPLEMENTATIONS = YES;
				CLANG_WARN_DIRECT_OBJC_ISA_USAGE = YES_ERROR;
				CLANG_WARN_DOCUMENTATION_COMMENTS = YES;
				CLANG_WARN_EMPTY_BODY = YES;
				CLANG_WARN_ENUM_CONVERSION = YES;
				CLANG_WARN_INFINITE_RECURSION = YES;
				CLANG_WARN_INT_CONVERSION = YES;
				CLANG_WARN_NON_LITERAL_NULL_CONVERSION = YES;
				CLANG_WARN_OBJC_IMPLICIT_RETAIN_SELF = YES;
				CLANG_WARN_OBJC_LITERAL_CONVERSION = YES;
				CLANG_WARN_OBJC_ROOT_CLASS = YES_ERROR;
				CLANG_WARN_RANGE_LOOP_ANALYSIS = YES;
				CLANG_WARN_STRICT_PROTOTYPES = YES;
				CLANG_WARN_SUSPICIOUS_MOVE = YES;
				CLANG_WARN_UNGUARDED_AVAILABILITY = YES_AGGRESSIVE;
				CLANG_WARN_UNREACHABLE_CODE = YES;
				CLANG_WARN__DUPLICATE_METHOD_MATCH = YES;
				CODE_SIGN_IDENTITY = "iPhone Developer";
				COPY_PHASE_STRIP = NO;
				DEBUG_INFORMATION_FORMAT = "dwarf-with-dsym";
				ENABLE_NS_ASSERTIONS = NO;
				ENABLE_STRICT_OBJC_MSGSEND = YES;
				GCC_C_LANGUAGE_STANDARD = gnu11;
				GCC_NO_COMMON_BLOCKS = YES;
				GCC_WARN_64_TO_32_BIT_CONVERSION = YES;
				GCC_WARN_ABOUT_RETURN_TYPE = YES_ERROR;
				GCC_WARN_UNDECLARED_SELECTOR = YES;
				GCC_WARN_UNINITIALIZED_AUTOS = YES_AGGRESSIVE;
				GCC_WARN_UNUSED_FUNCTION = YES;
				GCC_WARN_UNUSED_VARIABLE = YES;
				IPHONEOS_DEPLOYMENT_TARGET = 11.4;
				MTL_ENABLE_DEBUG_INFO = NO;
				SDKROOT = iphoneos;
				VALIDATE_PRODUCT = YES;
			};
			name = Release;
		};
		918B577A2170859200E9B71D /* Debug */ = {
			isa = XCBuildConfiguration;
			baseConfigurationReference = 4C41DF8010BFB3699E8B9D9C /* Pods-BottomComponentLib.debug.xcconfig */;
			buildSettings = {
				ASSETCATALOG_COMPILER_APPICON_NAME = AppIcon;
				CLANG_ENABLE_MODULES = YES;
				CODE_SIGN_STYLE = Automatic;
				DEVELOPMENT_TEAM = C7UNH8293N;
				INFOPLIST_FILE = BottomComponentLib/Info.plist;
				IPHONEOS_DEPLOYMENT_TARGET = 10.0;
				LD_RUNPATH_SEARCH_PATHS = (
					"$(inherited)",
					"@executable_path/Frameworks",
				);
				PRODUCT_BUNDLE_IDENTIFIER = ZHF.BottomComponentLib;
				PRODUCT_NAME = "$(TARGET_NAME)";
				SWIFT_OBJC_BRIDGING_HEADER = "$(PROJECT_DIR)/SRC/Swift/BottomComponentLib-Bridging-Header.h";
				SWIFT_OPTIMIZATION_LEVEL = "-Onone";
				SWIFT_VERSION = 4.2;
				TARGETED_DEVICE_FAMILY = "1,2";
			};
			name = Debug;
		};
		918B577B2170859200E9B71D /* Release */ = {
			isa = XCBuildConfiguration;
			baseConfigurationReference = E6048094E0DAB7E773A2A73C /* Pods-BottomComponentLib.release.xcconfig */;
			buildSettings = {
				ASSETCATALOG_COMPILER_APPICON_NAME = AppIcon;
				CLANG_ENABLE_MODULES = YES;
				CODE_SIGN_STYLE = Automatic;
				DEVELOPMENT_TEAM = C7UNH8293N;
				INFOPLIST_FILE = BottomComponentLib/Info.plist;
				IPHONEOS_DEPLOYMENT_TARGET = 10.0;
				LD_RUNPATH_SEARCH_PATHS = (
					"$(inherited)",
					"@executable_path/Frameworks",
				);
				PRODUCT_BUNDLE_IDENTIFIER = ZHF.BottomComponentLib;
				PRODUCT_NAME = "$(TARGET_NAME)";
				SWIFT_OBJC_BRIDGING_HEADER = "$(PROJECT_DIR)/SRC/Swift/BottomComponentLib-Bridging-Header.h";
				SWIFT_VERSION = 4.2;
				TARGETED_DEVICE_FAMILY = "1,2";
			};
			name = Release;
		};
		918B577D2170859200E9B71D /* Debug */ = {
			isa = XCBuildConfiguration;
			buildSettings = {
				ALWAYS_EMBED_SWIFT_STANDARD_LIBRARIES = YES;
				BUNDLE_LOADER = "$(TEST_HOST)";
				CODE_SIGN_STYLE = Automatic;
				DEVELOPMENT_TEAM = C7UNH8293N;
				INFOPLIST_FILE = BottomComponentLibTests/Info.plist;
				LD_RUNPATH_SEARCH_PATHS = (
					"$(inherited)",
					"@executable_path/Frameworks",
					"@loader_path/Frameworks",
				);
				PRODUCT_BUNDLE_IDENTIFIER = ZHF.BottomComponentLibTests;
				PRODUCT_NAME = "$(TARGET_NAME)";
				TARGETED_DEVICE_FAMILY = "1,2";
				TEST_HOST = "$(BUILT_PRODUCTS_DIR)/BottomComponentLib.app/BottomComponentLib";
			};
			name = Debug;
		};
		918B577E2170859200E9B71D /* Release */ = {
			isa = XCBuildConfiguration;
			buildSettings = {
				ALWAYS_EMBED_SWIFT_STANDARD_LIBRARIES = YES;
				BUNDLE_LOADER = "$(TEST_HOST)";
				CODE_SIGN_STYLE = Automatic;
				DEVELOPMENT_TEAM = C7UNH8293N;
				INFOPLIST_FILE = BottomComponentLibTests/Info.plist;
				LD_RUNPATH_SEARCH_PATHS = (
					"$(inherited)",
					"@executable_path/Frameworks",
					"@loader_path/Frameworks",
				);
				PRODUCT_BUNDLE_IDENTIFIER = ZHF.BottomComponentLibTests;
				PRODUCT_NAME = "$(TARGET_NAME)";
				TARGETED_DEVICE_FAMILY = "1,2";
				TEST_HOST = "$(BUILT_PRODUCTS_DIR)/BottomComponentLib.app/BottomComponentLib";
			};
			name = Release;
		};
/* End XCBuildConfiguration section */

/* Begin XCConfigurationList section */
		918B57532170858F00E9B71D /* Build configuration list for PBXProject "BottomComponentLib" */ = {
			isa = XCConfigurationList;
			buildConfigurations = (
				918B57772170859200E9B71D /* Debug */,
				918B57782170859200E9B71D /* Release */,
			);
			defaultConfigurationIsVisible = 0;
			defaultConfigurationName = Release;
		};
		918B57792170859200E9B71D /* Build configuration list for PBXNativeTarget "BottomComponentLib" */ = {
			isa = XCConfigurationList;
			buildConfigurations = (
				918B577A2170859200E9B71D /* Debug */,
				918B577B2170859200E9B71D /* Release */,
			);
			defaultConfigurationIsVisible = 0;
			defaultConfigurationName = Release;
		};
		918B577C2170859200E9B71D /* Build configuration list for PBXNativeTarget "BottomComponentLibTests" */ = {
			isa = XCConfigurationList;
			buildConfigurations = (
				918B577D2170859200E9B71D /* Debug */,
				918B577E2170859200E9B71D /* Release */,
			);
			defaultConfigurationIsVisible = 0;
			defaultConfigurationName = Release;
		};
/* End XCConfigurationList section */
	};
	rootObject = 918B57502170858F00E9B71D /* Project object */;
}
